PODS:
  - file_saver (0.0.1):
    - FlutterMacOS
  - file_selector_macos (0.0.1):
    - FlutterMacOS
  - flutter_capture_vision_macos (0.1.0):
    - FlutterMacOS
  - flutter_lite_camera (0.2.1):
    - FlutterMacOS
  - FlutterMacOS (1.0.0)
  - share_plus (0.0.1):
    - FlutterMacOS

DEPENDENCIES:
  - file_saver (from `Flutter/ephemeral/.symlinks/plugins/file_saver/macos`)
  - file_selector_macos (from `Flutter/ephemeral/.symlinks/plugins/file_selector_macos/macos`)
  - flutter_capture_vision_macos (from `Flutter/ephemeral/.symlinks/plugins/flutter_capture_vision_macos/macos`)
  - flutter_lite_camera (from `Flutter/ephemeral/.symlinks/plugins/flutter_lite_camera/macos`)
  - FlutterMacOS (from `Flutter/ephemeral`)
  - share_plus (from `Flutter/ephemeral/.symlinks/plugins/share_plus/macos`)

EXTERNAL SOURCES:
  file_saver:
    :path: Flutter/ephemeral/.symlinks/plugins/file_saver/macos
  file_selector_macos:
    :path: Flutter/ephemeral/.symlinks/plugins/file_selector_macos/macos
  flutter_capture_vision_macos:
    :path: Flutter/ephemeral/.symlinks/plugins/flutter_capture_vision_macos/macos
  flutter_lite_camera:
    :path: Flutter/ephemeral/.symlinks/plugins/flutter_lite_camera/macos
  FlutterMacOS:
    :path: Flutter/ephemeral
  share_plus:
    :path: Flutter/ephemeral/.symlinks/plugins/share_plus/macos

SPEC CHECKSUMS:
  file_saver: e35bd97de451dde55ff8c38862ed7ad0f3418d0f
  file_selector_macos: 9e9e068e90ebee155097d00e89ae91edb2374db7
  flutter_capture_vision_macos: 27b4710722dc2a01c8cca21d8a60dfff29a3c4e4
  flutter_lite_camera: 8a5d9aa65ff548ae8f0fbc4b27678449d1a3712c
  FlutterMacOS: d0db08ddef1a9af05a5ec4b724367152bb0500b1
  share_plus: 510bf0af1a42cd602274b4629920c9649c52f4cc

PODFILE CHECKSUM: 1e95c36afbfd1cb6423ceca4de7a8e1b256fb6ac

COCOAPODS: 1.16.2
